hash: 4e5a3c9ce66487bad83ebf40fe0b0eab6999906d90f3612088e7e20bfc052431
updated: 2019-03-05T20:55:41.838722+08:00
imports:
- name: github.com/bartekn/go-bip39
  version: a05967ea095d81c8fe4833776774cfaff8e5036c
- name: github.com/beorn7/perks
  version: 3a771d992973f24aa725d07868b467d1ddfceafb
  subpackages:
  - quantile
- name: github.com/bgentry/speakeasy
  version: 4aabc24848ce5fd31929f7d1e4ea74d3709c14cd
- name: github.com/btcsuite/btcd
  version: ed77733ec07dfc8a513741138419b8d9d3de9d2d
  subpackages:
  - btcec
- name: github.com/btcsuite/btcutil
  version: 4c204d6978034c001714728401fcd63060d568b4
  subpackages:
  - bech32
- name: github.com/cosmos/cosmos-sdk
  version: a97d6d0b27a29642bfeda310133129b5f0a16173
  repo: https://github.com/hashgard/cosmos-sdk.git
  subpackages:
  - baseapp
  - client
  - client/context
  - client/keys
  - client/lcd/statik
  - client/rest
  - client/rpc
  - client/tx
  - client/utils
  - cmd/gaia/app
  - codec
  - crypto
  - crypto/keys
  - crypto/keys/hd
  - crypto/keys/keyerror
  - crypto/keys/mintkey
  - server
  - server/config
  - server/mock
  - store
  - store/cachekv
  - store/cachemulti
  - store/dbadapter
  - store/errors
  - store/gaskv
  - store/iavl
  - store/prefix
  - store/rootmulti
  - store/tracekv
  - store/transient
  - store/types
  - tests
  - types
  - types/rest
  - version
  - x/auth
  - x/auth/client
  - x/auth/client/cli
  - x/auth/client/rest
  - x/auth/client/txbuilder
  - x/bank
  - x/bank/client/cli
  - x/bank/client/rest
  - x/bank/simulation
  - x/distribution
  - x/distribution/client/cli
  - x/distribution/client/common
  - x/distribution/client/rest
  - x/distribution/keeper
  - x/distribution/simulation
  - x/distribution/tags
  - x/distribution/types
  - x/gov
  - x/gov/client/cli
  - x/gov/client/rest
  - x/gov/client/utils
  - x/gov/tags
  - x/mint
  - x/mock
  - x/mock/simulation
  - x/params
  - x/params/subspace
  - x/slashing
  - x/slashing/client/cli
  - x/slashing/client/rest
  - x/slashing/tags
  - x/staking
  - x/staking/client/cli
  - x/staking/client/rest
  - x/staking/keeper
  - x/staking/querier
  - x/staking/simulation
  - x/staking/tags
  - x/staking/types
- name: github.com/cosmos/go-bip39
  version: 52158e4697b87de16ed390e1bdaf813e581008fa
- name: github.com/davecgh/go-spew
  version: 346938d642f2ec3594ed81d874461961cd0faa76
  subpackages:
  - spew
- name: github.com/ethereum/go-ethereum
  version: 81ed70015704737b3e5329314a62a3a5aaa74e8a
  subpackages:
  - crypto/secp256k1
- name: github.com/fsnotify/fsnotify
  version: ccc981bf80385c528a65fbfdd49bf2d8da22aa23
- name: github.com/go-kit/kit
  version: 102522abed87468226354b1a1c8c588c81313822
  subpackages:
  - log
  - log/level
  - log/term
  - metrics
  - metrics/discard
  - metrics/internal/lv
  - metrics/prometheus
- name: github.com/go-logfmt/logfmt
  version: 07c9b44f60d7ffdfb7d8efe1ad539965737836dc
- name: github.com/gogo/protobuf
  version: ba06b47c162d49f2af050fb4c75bcbc86a159d5c
  subpackages:
  - gogoproto
  - jsonpb
  - proto
  - protoc-gen-gogo/descriptor
  - sortkeys
  - types
- name: github.com/golang/protobuf
  version: b4deda0973fb4c70b50d226b1af49f3da59f5265
  subpackages:
  - proto
  - ptypes
  - ptypes/any
  - ptypes/duration
  - ptypes/timestamp
- name: github.com/golang/snappy
  version: 2a8bb927dd31d8daada140a5d09578521ce5c36a
- name: github.com/gorilla/mux
  version: 15a353a636720571d19e37b34a14499c3afa9991
- name: github.com/gorilla/websocket
  version: 7c8e298727d149d7c329b4dec7e94e1932ac5c11
- name: github.com/hashicorp/hcl
  version: 65a6292f0157eff210d03ed1bf6c59b190b8b906
  subpackages:
  - hcl/ast
  - hcl/parser
  - hcl/printer
  - hcl/scanner
  - hcl/strconv
  - hcl/token
  - json/parser
  - json/scanner
  - json/token
- name: github.com/inconshreveable/mousetrap
  version: 76626ae9c91c4f2a10f34cad8ce83ea42c93bb75
- name: github.com/jmhodges/levigo
  version: 853d788c5c416eaaee5b044570784a96c7a26975
- name: github.com/kr/logfmt
  version: b84e30acd515aadc4b783ad4ff83aff3299bdfe0
- name: github.com/magiconair/properties
  version: 7757cc9fdb852f7579b24170bcacda2c7471bb6a
- name: github.com/mattn/go-isatty
  version: 369ecd8cea9851e459abb67eb171853e3986591e
- name: github.com/matttproud/golang_protobuf_extensions
  version: c182affec369e30f25d3eb8cd8a478dee585ae7d
  subpackages:
  - pbutil
- name: github.com/mitchellh/mapstructure
  version: 3536a929edddb9a5b34bd6861dc4a9647cb459fe
- name: github.com/otiai10/copy
  version: 7e9a647135a142c2669943d4a4d29be015ce9392
- name: github.com/pelletier/go-toml
  version: e1803f96f6945c1061f538abc1a01a18f4d963fb
- name: github.com/pkg/errors
  version: 645ef00459ed84a119197bfb8d8205042c6df63d
- name: github.com/pmezard/go-difflib
  version: 5d4384ee4fb2527b0a1256a821ebfc92f91efefc
  subpackages:
  - difflib
- name: github.com/prometheus/client_golang
  version: 2daed26f633ce23fab5efc02fb3f2e803b3526c3
  subpackages:
  - prometheus
  - prometheus/internal
  - prometheus/promhttp
- name: github.com/prometheus/client_model
  version: fd36f4220a901265f90734c3183c5f0c91daa0b8
  subpackages:
  - go
- name: github.com/prometheus/common
  version: bf857faf208676b0294bd49959aa34c8d98163ed
  subpackages:
  - expfmt
  - internal/bitbucket.org/ww/goautoneg
  - model
- name: github.com/prometheus/procfs
  version: bbced9601137e764853b2fad7ec3e2dc4c504e02
  subpackages:
  - internal/util
  - iostats
  - nfs
  - xfs
- name: github.com/rakyll/statik
  version: aa8a7b1baecd0f31a436bf7956fcdcc609a83035
  subpackages:
  - fs
- name: github.com/rcrowley/go-metrics
  version: 3113b8401b8a98917cde58f8bbd42a1b1c03b1fd
- name: github.com/rs/cors
  version: 76f58f330d76a55c5badc74f6212e8a15e742c77
- name: github.com/spf13/afero
  version: f4711e4db9e9a1d3887343acb72b2bbfc2f686f5
  subpackages:
  - mem
- name: github.com/spf13/cast
  version: 8c9545af88b134710ab1cd196795e7f2388358d7
- name: github.com/spf13/cobra
  version: ef82de70bb3f60c65fb8eebacbb2d122ef517385
- name: github.com/spf13/jwalterweatherman
  version: 94f6ae3ed3bceceafa716478c5fbf8d29ca601a1
- name: github.com/spf13/pflag
  version: 24fa6976df40757dce6aea913e7b81ade90530e1
- name: github.com/spf13/viper
  version: a1b837276271029e31f796ae5d03ba9ffb017244
- name: github.com/stretchr/testify
  version: 21cb1c2932a2d04c6792d5ad106243c6e36a3a7d
  subpackages:
  - assert
  - require
- name: github.com/syndtr/goleveldb
  version: c4c61651e9e37fa117f53c5a906d3b63090d8445
  subpackages:
  - leveldb
  - leveldb/cache
  - leveldb/comparer
  - leveldb/errors
  - leveldb/filter
  - leveldb/iterator
  - leveldb/journal
  - leveldb/memdb
  - leveldb/opt
  - leveldb/storage
  - leveldb/table
  - leveldb/util
- name: github.com/tendermint/btcd
  version: 80daadac05d1cd29571fccf27002d79667a88b58
  subpackages:
  - btcec
- name: github.com/tendermint/go-amino
  version: dc14acf9ef15f85828bfbc561ed9dd9d2a284885
- name: github.com/tendermint/iavl
  version: de0740903a67b624d887f9055d4c60175dcfa758
- name: github.com/tendermint/tendermint
  version: 28d75ec8016b7fb043735cbe4c4d92ec73355de7
  subpackages:
  - abci/client
  - abci/example/code
  - abci/example/counter
  - abci/example/kvstore
  - abci/server
  - abci/types
  - blockchain
  - cmd/tendermint/commands
  - config
  - consensus
  - consensus/types
  - crypto
  - crypto/armor
  - crypto/ed25519
  - crypto/encoding/amino
  - crypto/merkle
  - crypto/multisig
  - crypto/multisig/bitarray
  - crypto/secp256k1
  - crypto/tmhash
  - crypto/xsalsa20symmetric
  - evidence
  - libs/autofile
  - libs/bech32
  - libs/cli
  - libs/cli/flags
  - libs/clist
  - libs/common
  - libs/db
  - libs/events
  - libs/fail
  - libs/flowrate
  - libs/log
  - libs/pubsub
  - libs/pubsub/query
  - lite
  - lite/client
  - lite/errors
  - lite/proxy
  - mempool
  - node
  - p2p
  - p2p/conn
  - p2p/pex
  - p2p/upnp
  - privval
  - proxy
  - rpc/client
  - rpc/core
  - rpc/core/types
  - rpc/grpc
  - rpc/lib/client
  - rpc/lib/server
  - rpc/lib/types
  - state
  - state/txindex
  - state/txindex/kv
  - state/txindex/null
  - types
  - types/time
  - version
- name: github.com/zondax/hid
  version: 302fd402163c34626286195dfa9adac758334acc
- name: github.com/zondax/ledger-cosmos-go
  version: 71aa0ab6e03d2d320c82bbe13678a36584a5b813
- name: github.com/ZondaX/ledger-go
  version: 69c15f1333a9b6866e5f66096561c7d138894bc5
- name: golang.org/x/crypto
  version: 3764759f34a542a3aef74d6b02e35be7ab893bba
  repo: https://github.com/tendermint/crypto.git
  subpackages:
  - bcrypt
  - blowfish
  - chacha20poly1305
  - curve25519
  - ed25519
  - ed25519/internal/edwards25519
  - hkdf
  - internal/chacha20
  - internal/subtle
  - nacl/box
  - nacl/secretbox
  - openpgp/armor
  - openpgp/errors
  - pbkdf2
  - poly1305
  - ripemd160
  - salsa20/salsa
- name: golang.org/x/net
  version: 16b79f2e4e95ea23b2bf9903c9809ff7b013ce85
  subpackages:
  - context
  - http/httpguts
  - http2
  - http2/hpack
  - idna
  - internal/timeseries
  - netutil
  - trace
- name: golang.org/x/sys
  version: 4e1fef5609515ec7a2cee7b5de30ba6d9b438cbf
  subpackages:
  - cpu
  - unix
- name: golang.org/x/text
  version: d14c52b222ee852cdba8b07206ca0c614b389876
  subpackages:
  - secure/bidirule
  - transform
  - unicode/bidi
  - unicode/norm
- name: google.golang.org/genproto
  version: 383e8b2c3b9e36c4076b235b32537292176bae20
  subpackages:
  - googleapis/rpc/status
- name: google.golang.org/grpc
  version: 45890ffd9e533ea1d7555737205707de67ebe453
  subpackages:
  - balancer
  - balancer/base
  - balancer/roundrobin
  - binarylog/grpc_binarylog_v1
  - codes
  - connectivity
  - credentials
  - credentials/internal
  - encoding
  - encoding/proto
  - grpclog
  - internal
  - internal/backoff
  - internal/binarylog
  - internal/channelz
  - internal/envconfig
  - internal/grpcrand
  - internal/grpcsync
  - internal/syscall
  - internal/transport
  - keepalive
  - metadata
  - naming
  - peer
  - resolver
  - resolver/dns
  - resolver/passthrough
  - stats
  - status
  - tap
- name: gopkg.in/yaml.v2
  version: 51d6538a90f86fe93ac480b35f37b2be17fef232
testImports: []
